// !$*UTF8*$!
{
	archiveVersion = 1;
	classes = {
	};
	objectVersion = 55;
	objects = {

/* Begin PBXBuildFile section */
		D7C890752713D2C7004AFEBB /* AppDelegate.swift in Sources */ = {isa = PBXBuildFile; fileRef = D7C890742713D2C7004AFEBB /* AppDelegate.swift */; };
		D7C890772713D2C7004AFEBB /* SceneDelegate.swift in Sources */ = {isa = PBXBuildFile; fileRef = D7C890762713D2C7004AFEBB /* SceneDelegate.swift */; };
		D7C8907C2713D2C7004AFEBB /* Main.storyboard in Resources */ = {isa = PBXBuildFile; fileRef = D7C8907A2713D2C7004AFEBB /* Main.storyboard */; };
		D7C8907E2713D2C8004AFEBB /* Assets.xcassets in Resources */ = {isa = PBXBuildFile; fileRef = D7C8907D2713D2C8004AFEBB /* Assets.xcassets */; };
		D7C890812713D2C8004AFEBB /* LaunchScreen.storyboard in Resources */ = {isa = PBXBuildFile; fileRef = D7C8907F2713D2C8004AFEBB /* LaunchScreen.storyboard */; };
		D7C890892713D5A4004AFEBB /* TableViewController.swift in Sources */ = {isa = PBXBuildFile; fileRef = D7C890882713D5A4004AFEBB /* TableViewController.swift */; };
		D7C8908B2713D5D1004AFEBB /* AddViewController.swift in Sources */ = {isa = PBXBuildFile; fileRef = D7C8908A2713D5D1004AFEBB /* AddViewController.swift */; };
		D7C8908D2713D5DC004AFEBB /* DetailViewController.swift in Sources */ = {isa = PBXBuildFile; fileRef = D7C8908C2713D5DC004AFEBB /* DetailViewController.swift */; };
		D7C890912713D6CC004AFEBB /* pencil.png in Resources */ = {isa = PBXBuildFile; fileRef = D7C8908E2713D6CB004AFEBB /* pencil.png */; };
		D7C890922713D6CC004AFEBB /* clock.png in Resources */ = {isa = PBXBuildFile; fileRef = D7C8908F2713D6CB004AFEBB /* clock.png */; };
		D7C890932713D6CC004AFEBB /* cart.png in Resources */ = {isa = PBXBuildFile; fileRef = D7C890902713D6CB004AFEBB /* cart.png */; };
/* End PBXBuildFile section */

/* Begin PBXFileReference section */
		D7C890712713D2C7004AFEBB /* Table.app */ = {isa = PBXFileReference; explicitFileType = wrapper.application; includeInIndex = 0; path = Table.app; sourceTree = BUILT_PRODUCTS_DIR; };
		D7C890742713D2C7004AFEBB /* AppDelegate.swift */ = {isa = PBXFileReference; lastKnownFileType = sourcecode.swift; path = AppDelegate.swift; sourceTree = "<group>"; };
		D7C890762713D2C7004AFEBB /* SceneDelegate.swift */ = {isa = PBXFileReference; lastKnownFileType = sourcecode.swift; path = SceneDelegate.swift; sourceTree = "<group>"; };
		D7C8907B2713D2C7004AFEBB /* Base */ = {isa = PBXFileReference; lastKnownFileType = file.storyboard; name = Base; path = Base.lproj/Main.storyboard; sourceTree = "<group>"; };
		D7C8907D2713D2C8004AFEBB /* Assets.xcassets */ = {isa = PBXFileReference; lastKnownFileType = folder.assetcatalog; path = Assets.xcassets; sourceTree = "<group>"; };
		D7C890802713D2C8004AFEBB /* Base */ = {isa = PBXFileReference; lastKnownFileType = file.storyboard; name = Base; path = Base.lproj/LaunchScreen.storyboard; sourceTree = "<group>"; };
		D7C890822713D2C8004AFEBB /* Info.plist */ = {isa = PBXFileReference; lastKnownFileType = text.plist.xml; path = Info.plist; sourceTree = "<group>"; };
		D7C890882713D5A4004AFEBB /* TableViewController.swift */ = {isa = PBXFileReference; lastKnownFileType = sourcecode.swift; path = TableViewController.swift; sourceTree = "<group>"; };
		D7C8908A2713D5D1004AFEBB /* AddViewController.swift */ = {isa = PBXFileReference; lastKnownFileType = sourcecode.swift; path = AddViewController.swift; sourceTree = "<group>"; };
		D7C8908C2713D5DC004AFEBB /* DetailViewController.swift */ = {isa = PBXFileReference; lastKnownFileType = sourcecode.swift; path = DetailViewController.swift; sourceTree = "<group>"; };
		D7C8908E2713D6CB004AFEBB /* pencil.png */ = {isa = PBXFileReference; lastKnownFileType = image.png; path = pencil.png; sourceTree = "<group>"; };
		D7C8908F2713D6CB004AFEBB /* clock.png */ = {isa = PBXFileReference; lastKnownFileType = image.png; path = clock.png; sourceTree = "<group>"; };
		D7C890902713D6CB004AFEBB /* cart.png */ = {isa = PBXFileReference; lastKnownFileType = image.png; path = cart.png; sourceTree = "<group>"; };
/* End PBXFileReference section */

/* Begin PBXFrameworksBuildPhase section */
		D7C8906E2713D2C7004AFEBB /* Frameworks */ = {
			isa = PBXFrameworksBuildPhase;
			buildActionMask = 2147483647;
			files = (
			);
			runOnlyForDeploymentPostprocessing = 0;
		};
/* End PBXFrameworksBuildPhase section */

/* Begin PBXGroup section */
		D7C890682713D2C7004AFEBB = {
			isa = PBXGroup;
			children = (
				D7C890732713D2C7004AFEBB /* Table */,
				D7C890722713D2C7004AFEBB /* Products */,
			);
			sourceTree = "<group>";
		};
		D7C890722713D2C7004AFEBB /* Products */ = {
			isa = PBXGroup;
			children = (
				D7C890712713D2C7004AFEBB /* Table.app */,
			);
			name = Products;
			sourceTree = "<group>";
		};
		D7C890732713D2C7004AFEBB /* Table */ = {
			isa = PBXGroup;
			children = (
				D7C890902713D6CB004AFEBB /* cart.png */,
				D7C8908F2713D6CB004AFEBB /* clock.png */,
				D7C8908E2713D6CB004AFEBB /* pencil.png */,
				D7C890742713D2C7004AFEBB /* AppDelegate.swift */,
				D7C890882713D5A4004AFEBB /* TableViewController.swift */,
				D7C8908C2713D5DC004AFEBB /* DetailViewController.swift */,
				D7C890762713D2C7004AFEBB /* SceneDelegate.swift */,
				D7C8908A2713D5D1004AFEBB /* AddViewController.swift */,
				D7C8907A2713D2C7004AFEBB /* Main.storyboard */,
				D7C8907D2713D2C8004AFEBB /* Assets.xcassets */,
				D7C8907F2713D2C8004AFEBB /* LaunchScreen.storyboard */,
				D7C890822713D2C8004AFEBB /* Info.plist */,
			);
			path = Table;
			sourceTree = "<group>";
		};
/* End PBXGroup section */

/* Begin PBXNativeTarget section */
		D7C890702713D2C7004AFEBB /* Table */ = {
			isa = PBXNativeTarget;
			buildConfigurationList = D7C890852713D2C8004AFEBB /* Build configuration list for PBXNativeTarget "Table" */;
			buildPhases = (
				D7C8906D2713D2C7004AFEBB /* Sources */,
				D7C8906E2713D2C7004AFEBB /* Frameworks */,
				D7C8906F2713D2C7004AFEBB /* Resources */,
			);
			buildRules = (
			);
			dependencies = (
			);
			name = Table;
			productName = Table;
			productReference = D7C890712713D2C7004AFEBB /* Table.app */;
			productType = "com.apple.product-type.application";
		};
/* End PBXNativeTarget section */

/* Begin PBXProject section */
		D7C890692713D2C7004AFEBB /* Project object */ = {
			isa = PBXProject;
			attributes = {
				BuildIndependentTargetsInParallel = 1;
				LastSwiftUpdateCheck = 1300;
				LastUpgradeCheck = 1300;
				TargetAttributes = {
					D7C890702713D2C7004AFEBB = {
						CreatedOnToolsVersion = 13.0;
					};
				};
			};
			buildConfigurationList = D7C8906C2713D2C7004AFEBB /* Build configuration list for PBXProject "Table" */;
			compatibilityVersion = "Xcode 13.0";
			developmentRegion = en;
			hasScannedForEncodings = 0;
			knownRegions = (
				en,
				Base,
			);
			mainGroup = D7C890682713D2C7004AFEBB;
			productRefGroup = D7C890722713D2C7004AFEBB /* Products */;
			projectDirPath = "";
			projectRoot = "";
			targets = (
				D7C890702713D2C7004AFEBB /* Table */,
			);
		};
/* End PBXProject section */

/* Begin PBXResourcesBuildPhase section */
		D7C8906F2713D2C7004AFEBB /* Resources */ = {
			isa = PBXResourcesBuildPhase;
			buildActionMask = 2147483647;
			files = (
				D7C890912713D6CC004AFEBB /* pencil.png in Resources */,
				D7C890922713D6CC004AFEBB /* clock.png in Resources */,
				D7C890812713D2C8004AFEBB /* LaunchScreen.storyboard in Resources */,
				D7C8907E2713D2C8004AFEBB /* Assets.xcassets in Resources */,
				D7C8907C2713D2C7004AFEBB /* Main.storyboard in Resources */,
				D7C890932713D6CC004AFEBB /* cart.png in Resources */,
			);
			runOnlyForDeploymentPostprocessing = 0;
		};
/* End PBXResourcesBuildPhase section */

/* Begin PBXSourcesBuildPhase section */
		D7C8906D2713D2C7004AFEBB /* Sources */ = {
			isa = PBXSourcesBuildPhase;
			buildActionMask = 2147483647;
			files = (
				D7C890752713D2C7004AFEBB /* AppDelegate.swift in Sources */,
				D7C890892713D5A4004AFEBB /* TableViewController.swift in Sources */,
				D7C8908D2713D5DC004AFEBB /* DetailViewController.swift in Sources */,
				D7C8908B2713D5D1004AFEBB /* AddViewController.swift in Sources */,
				D7C890772713D2C7004AFEBB /* SceneDelegate.swift in Sources */,
			);
			runOnlyForDeploymentPostprocessing = 0;
		};
/* End PBXSourcesBuildPhase section */

/* Begin PBXVariantGroup section */
		D7C8907A2713D2C7004AFEBB /* Main.storyboard */ = {
			isa = PBXVariantGroup;
			children = (
				D7C8907B2713D2C7004AFEBB /* Base */,
			);
			name = Main.storyboard;
			sourceTree = "<group>";
		};
		D7C8907F2713D2C8004AFEBB /* LaunchScreen.storyboard */ = {
			isa = PBXVariantGroup;
			children = (
				D7C890802713D2C8004AFEBB /* Base */,
			);
			name = LaunchScreen.storyboard;
			sourceTree = "<group>";
		};
/* End PBXVariantGroup section */

/* Begin XCBuildConfiguration section */
		D7C890832713D2C8004AFEBB /* Debug */ = {
			isa = XCBuildConfiguration;
			buildSettings = {
				ALWAYS_SEARCH_USER_PATHS = NO;
				CLANG_ANALYZER_NONNULL = YES;
				CLANG_ANALYZER_NUMBER_OBJECT_CONVERSION = YES_AGGRESSIVE;
				CLANG_CXX_LANGUAGE_STANDARD = "gnu++17";
				CLANG_CXX_LIBRARY = "libc++";
				CLANG_ENABLE_MODULES = YES;
				CLANG_ENABLE_OBJC_ARC = YES;
				CLANG_ENABLE_OBJC_WEAK = YES;
				CLANG_WARN_BLOCK_CAPTURE_AUTORELEASING = YES;
				CLANG_WARN_BOOL_CONVERSION = YES;
				CLANG_WARN_COMMA = YES;
				CLANG_WARN_CONSTANT_CONVERSION = YES;
				CLANG_WARN_DEPRECATED_OBJC_IMPLEMENTATIONS = YES;
				CLANG_WARN_DIRECT_OBJC_ISA_USAGE = YES_ERROR;
				CLANG_WARN_DOCUMENTATION_COMMENTS = YES;
				CLANG_WARN_EMPTY_BODY = YES;
				CLANG_WARN_ENUM_CONVERSION = YES;
				CLANG_WARN_INFINITE_RECURSION = YES;
				CLANG_WARN_INT_CONVERSION = YES;
				CLANG_WARN_NON_LITERAL_NULL_CONVERSION = YES;
				CLANG_WARN_OBJC_IMPLICIT_RETAIN_SELF = YES;
				CLANG_WARN_OBJC_LITERAL_CONVERSION = YES;
				CLANG_WARN_OBJC_ROOT_CLASS = YES_ERROR;
				CLANG_WARN_QUOTED_INCLUDE_IN_FRAMEWORK_HEADER = YES;
				CLANG_WARN_RANGE_LOOP_ANALYSIS = YES;
				CLANG_WARN_STRICT_PROTOTYPES = YES;
				CLANG_WARN_SUSPICIOUS_MOVE = YES;
				CLANG_WARN_UNGUARDED_AVAILABILITY = YES_AGGRESSIVE;
				CLANG_WARN_UNREACHABLE_CODE = YES;
				CLANG_WARN__DUPLICATE_METHOD_MATCH = YES;
				COPY_PHASE_STRIP = NO;
				DEBUG_INFORMATION_FORMAT = dwarf;
				ENABLE_STRICT_OBJC_MSGSEND = YES;
				ENABLE_TESTABILITY = YES;
				GCC_C_LANGUAGE_STANDARD = gnu11;
				GCC_DYNAMIC_NO_PIC = NO;
				GCC_NO_COMMON_BLOCKS = YES;
				GCC_OPTIMIZATION_LEVEL = 0;
				GCC_PREPROCESSOR_DEFINITIONS = (
					"DEBUG=1",
					"$(inherited)",
				);
				GCC_WARN_64_TO_32_BIT_CONVERSION = YES;
				GCC_WARN_ABOUT_RETURN_TYPE = YES_ERROR;
				GCC_WARN_UNDECLARED_SELECTOR = YES;
				GCC_WARN_UNINITIALIZED_AUTOS = YES_AGGRESSIVE;
				GCC_WARN_UNUSED_FUNCTION = YES;
				GCC_WARN_UNUSED_VARIABLE = YES;
				IPHONEOS_DEPLOYMENT_TARGET = 15.0;
				MTL_ENABLE_DEBUG_INFO = INCLUDE_SOURCE;
				MTL_FAST_MATH = YES;
				ONLY_ACTIVE_ARCH = YES;
				SDKROOT = iphoneos;
				SWIFT_ACTIVE_COMPILATION_CONDITIONS = DEBUG;
				SWIFT_OPTIMIZATION_LEVEL = "-Onone";
			};
			name = Debug;
		};
		D7C890842713D2C8004AFEBB /* Release */ = {
			isa = XCBuildConfiguration;
			buildSettings = {
				ALWAYS_SEARCH_USER_PATHS = NO;
				CLANG_ANALYZER_NONNULL = YES;
				CLANG_ANALYZER_NUMBER_OBJECT_CONVERSION = YES_AGGRESSIVE;
				CLANG_CXX_LANGUAGE_STANDARD = "gnu++17";
				CLANG_CXX_LIBRARY = "libc++";
				CLANG_ENABLE_MODULES = YES;
				CLANG_ENABLE_OBJC_ARC = YES;
				CLANG_ENABLE_OBJC_WEAK = YES;
				CLANG_WARN_BLOCK_CAPTURE_AUTORELEASING = YES;
				CLANG_WARN_BOOL_CONVERSION = YES;
				CLANG_WARN_COMMA = YES;
				CLANG_WARN_CONSTANT_CONVERSION = YES;
				CLANG_WARN_DEPRECATED_OBJC_IMPLEMENTATIONS = YES;
				CLANG_WARN_DIRECT_OBJC_ISA_USAGE = YES_ERROR;
				CLANG_WARN_DOCUMENTATION_COMMENTS = YES;
				CLANG_WARN_EMPTY_BODY = YES;
				CLANG_WARN_ENUM_CONVERSION = YES;
				CLANG_WARN_INFINITE_RECURSION = YES;
				CLANG_WARN_INT_CONVERSION = YES;
				CLANG_WARN_NON_LITERAL_NULL_CONVERSION = YES;
				CLANG_WARN_OBJC_IMPLICIT_RETAIN_SELF = YES;
				CLANG_WARN_OBJC_LITERAL_CONVERSION = YES;
				CLANG_WARN_OBJC_ROOT_CLASS = YES_ERROR;
				CLANG_WARN_QUOTED_INCLUDE_IN_FRAMEWORK_HEADER = YES;
				CLANG_WARN_RANGE_LOOP_ANALYSIS = YES;
				CLANG_WARN_STRICT_PROTOTYPES = YES;
				CLANG_WARN_SUSPICIOUS_MOVE = YES;
				CLANG_WARN_UNGUARDED_AVAILABILITY = YES_AGGRESSIVE;
				CLANG_WARN_UNREACHABLE_CODE = YES;
				CLANG_WARN__DUPLICATE_METHOD_MATCH = YES;
				COPY_PHASE_STRIP = NO;
				DEBUG_INFORMATION_FORMAT = "dwarf-with-dsym";
				ENABLE_NS_ASSERTIONS = NO;
				ENABLE_STRICT_OBJC_MSGSEND = YES;
				GCC_C_LANGUAGE_STANDARD = gnu11;
				GCC_NO_COMMON_BLOCKS = YES;
				GCC_WARN_64_TO_32_BIT_CONVERSION = YES;
				GCC_WARN_ABOUT_RETURN_TYPE = YES_ERROR;
				GCC_WARN_UNDECLARED_SELECTOR = YES;
				GCC_WARN_UNINITIALIZED_AUTOS = YES_AGGRESSIVE;
				GCC_WARN_UNUSED_FUNCTION = YES;
				GCC_WARN_UNUSED_VARIABLE = YES;
				IPHONEOS_DEPLOYMENT_TARGET = 15.0;
				MTL_ENABLE_DEBUG_INFO = NO;
				MTL_FAST_MATH = YES;
				SDKROOT = iphoneos;
				SWIFT_COMPILATION_MODE = wholemodule;
				SWIFT_OPTIMIZATION_LEVEL = "-O";
				VALIDATE_PRODUCT = YES;
			};
			name = Release;
		};
		D7C890862713D2C8004AFEBB /* Debug */ = {
			isa = XCBuildConfiguration;
			buildSettings = {
				ASSETCATALOG_COMPILER_APPICON_NAME = AppIcon;
				ASSETCATALOG_COMPILER_GLOBAL_ACCENT_COLOR_NAME = AccentColor;
				CODE_SIGN_STYLE = Automatic;
				CURRENT_PROJECT_VERSION = 1;
				DEVELOPMENT_TEAM = HLVKSLK8TN;
				GENERATE_INFOPLIST_FILE = YES;
				INFOPLIST_FILE = Table/Info.plist;
				INFOPLIST_KEY_UIApplicationSupportsIndirectInputEvents = YES;
				INFOPLIST_KEY_UILaunchStoryboardName = LaunchScreen;
				INFOPLIST_KEY_UIMainStoryboardFile = Main;
				INFOPLIST_KEY_UISupportedInterfaceOrientations = UIInterfaceOrientationPortrait;
				INFOPLIST_KEY_UISupportedInterfaceOrientations_iPad = "UIInterfaceOrientationPortrait UIInterfaceOrientationPortraitUpsideDown UIInterfaceOrientationLandscapeLeft UIInterfaceOrientationLandscapeRight";
				INFOPLIST_KEY_UISupportedInterfaceOrientations_iPhone = "UIInterfaceOrientationPortrait UIInterfaceOrientationLandscapeLeft UIInterfaceOrientationLandscapeRight";
				LD_RUNPATH_SEARCH_PATHS = (
					"$(inherited)",
					"@executable_path/Frameworks",
				);
				MARKETING_VERSION = 1.0;
				PRODUCT_BUNDLE_IDENTIFIER = com.jsng;
				PRODUCT_NAME = "$(TARGET_NAME)";
				SWIFT_EMIT_LOC_STRINGS = YES;
				SWIFT_VERSION = 5.0;
				TARGETED_DEVICE_FAMILY = 1;
			};
			name = Debug;
		};
		D7C890872713D2C8004AFEBB /* Release */ = {
			isa = XCBuildConfiguration;
			buildSettings = {
				ASSETCATALOG_COMPILER_APPICON_NAME = AppIcon;
				ASSETCATALOG_COMPILER_GLOBAL_ACCENT_COLOR_NAME = AccentColor;
				CODE_SIGN_STYLE = Automatic;
				CURRENT_PROJECT_VERSION = 1;
				DEVELOPMENT_TEAM = HLVKSLK8TN;
				GENERATE_INFOPLIST_FILE = YES;
				INFOPLIST_FILE = Table/Info.plist;
				INFOPLIST_KEY_UIApplicationSupportsIndirectInputEvents = YES;
				INFOPLIST_KEY_UILaunchStoryboardName = LaunchScreen;
				INFOPLIST_KEY_UIMainStoryboardFile = Main;
				INFOPLIST_KEY_UISupportedInterfaceOrientations = UIInterfaceOrientationPortrait;
				INFOPLIST_KEY_UISupportedInterfaceOrientations_iPad = "UIInterfaceOrientationPortrait UIInterfaceOrientationPortraitUpsideDown UIInterfaceOrientationLandscapeLeft UIInterfaceOrientationLandscapeRight";
				INFOPLIST_KEY_UISupportedInterfaceOrientations_iPhone = "UIInterfaceOrientationPortrait UIInterfaceOrientationLandscapeLeft UIInterfaceOrientationLandscapeRight";
				LD_RUNPATH_SEARCH_PATHS = (
					"$(inherited)",
					"@executable_path/Frameworks",
				);
				MARKETING_VERSION = 1.0;
				PRODUCT_BUNDLE_IDENTIFIER = com.jsng;
				PRODUCT_NAME = "$(TARGET_NAME)";
				SWIFT_EMIT_LOC_STRINGS = YES;
				SWIFT_VERSION = 5.0;
				TARGETED_DEVICE_FAMILY = 1;
			};
			name = Release;
		};
/* End XCBuildConfiguration section */

/* Begin XCConfigurationList section */
		D7C8906C2713D2C7004AFEBB /* Build configuration list for PBXProject "Table" */ = {
			isa = XCConfigurationList;
			buildConfigurations = (
				D7C890832713D2C8004AFEBB /* Debug */,
				D7C890842713D2C8004AFEBB /* Release */,
			);
			defaultConfigurationIsVisible = 0;
			defaultConfigurationName = Release;
		};
		D7C890852713D2C8004AFEBB /* Build configuration list for PBXNativeTarget "Table" */ = {
			isa = XCConfigurationList;
			buildConfigurations = (
				D7C890862713D2C8004AFEBB /* Debug */,
				D7C890872713D2C8004AFEBB /* Release */,
			);
			defaultConfigurationIsVisible = 0;
			defaultConfigurationName = Release;
		};
/* End XCConfigurationList section */
	};
	rootObject = D7C890692713D2C7004AFEBB /* Project object */;
}
