// !$*UTF8*$!
{
	archiveVersion = 1;
	classes = {
	};
	objectVersion = 55;
	objects = {

/* Begin PBXBuildFile section */
		D7B0455C270343BA0037D299 /* AppDelegate.swift in Sources */ = {isa = PBXBuildFile; fileRef = D7B0455B270343BA0037D299 /* AppDelegate.swift */; };
		D7B0455E270343BA0037D299 /* SceneDelegate.swift in Sources */ = {isa = PBXBuildFile; fileRef = D7B0455D270343BA0037D299 /* SceneDelegate.swift */; };
		D7B04560270343BA0037D299 /* ViewController.swift in Sources */ = {isa = PBXBuildFile; fileRef = D7B0455F270343BA0037D299 /* ViewController.swift */; };
		D7B04563270343BA0037D299 /* Main.storyboard in Resources */ = {isa = PBXBuildFile; fileRef = D7B04561270343BA0037D299 /* Main.storyboard */; };
		D7B04565270343BC0037D299 /* Assets.xcassets in Resources */ = {isa = PBXBuildFile; fileRef = D7B04564270343BC0037D299 /* Assets.xcassets */; };
		D7B04568270343BC0037D299 /* LaunchScreen.storyboard in Resources */ = {isa = PBXBuildFile; fileRef = D7B04566270343BC0037D299 /* LaunchScreen.storyboard */; };
		D7B0457A270344A50037D299 /* 4.jpg in Resources */ = {isa = PBXBuildFile; fileRef = D7B04570270344A50037D299 /* 4.jpg */; };
		D7B0457B270344A50037D299 /* 7.jpg in Resources */ = {isa = PBXBuildFile; fileRef = D7B04571270344A50037D299 /* 7.jpg */; };
		D7B0457C270344A50037D299 /* 10.jpg in Resources */ = {isa = PBXBuildFile; fileRef = D7B04572270344A50037D299 /* 10.jpg */; };
		D7B0457D270344A50037D299 /* 3.jpg in Resources */ = {isa = PBXBuildFile; fileRef = D7B04573270344A50037D299 /* 3.jpg */; };
		D7B0457E270344A50037D299 /* 5.jpg in Resources */ = {isa = PBXBuildFile; fileRef = D7B04574270344A50037D299 /* 5.jpg */; };
		D7B0457F270344A50037D299 /* 2.jpg in Resources */ = {isa = PBXBuildFile; fileRef = D7B04575270344A50037D299 /* 2.jpg */; };
		D7B04580270344A50037D299 /* 8.jpg in Resources */ = {isa = PBXBuildFile; fileRef = D7B04576270344A50037D299 /* 8.jpg */; };
		D7B04581270344A50037D299 /* 9.jpg in Resources */ = {isa = PBXBuildFile; fileRef = D7B04577270344A50037D299 /* 9.jpg */; };
		D7B04582270344A50037D299 /* 1.jpg in Resources */ = {isa = PBXBuildFile; fileRef = D7B04578270344A50037D299 /* 1.jpg */; };
		D7B04583270344A50037D299 /* 6.jpg in Resources */ = {isa = PBXBuildFile; fileRef = D7B04579270344A50037D299 /* 6.jpg */; };
/* End PBXBuildFile section */

/* Begin PBXFileReference section */
		D7B04558270343BA0037D299 /* PickerView.app */ = {isa = PBXFileReference; explicitFileType = wrapper.application; includeInIndex = 0; path = PickerView.app; sourceTree = BUILT_PRODUCTS_DIR; };
		D7B0455B270343BA0037D299 /* AppDelegate.swift */ = {isa = PBXFileReference; lastKnownFileType = sourcecode.swift; path = AppDelegate.swift; sourceTree = "<group>"; };
		D7B0455D270343BA0037D299 /* SceneDelegate.swift */ = {isa = PBXFileReference; lastKnownFileType = sourcecode.swift; path = SceneDelegate.swift; sourceTree = "<group>"; };
		D7B0455F270343BA0037D299 /* ViewController.swift */ = {isa = PBXFileReference; lastKnownFileType = sourcecode.swift; path = ViewController.swift; sourceTree = "<group>"; };
		D7B04562270343BA0037D299 /* Base */ = {isa = PBXFileReference; lastKnownFileType = file.storyboard; name = Base; path = Base.lproj/Main.storyboard; sourceTree = "<group>"; };
		D7B04564270343BC0037D299 /* Assets.xcassets */ = {isa = PBXFileReference; lastKnownFileType = folder.assetcatalog; path = Assets.xcassets; sourceTree = "<group>"; };
		D7B04567270343BC0037D299 /* Base */ = {isa = PBXFileReference; lastKnownFileType = file.storyboard; name = Base; path = Base.lproj/LaunchScreen.storyboard; sourceTree = "<group>"; };
		D7B04569270343BC0037D299 /* Info.plist */ = {isa = PBXFileReference; lastKnownFileType = text.plist.xml; path = Info.plist; sourceTree = "<group>"; };
		D7B04570270344A50037D299 /* 4.jpg */ = {isa = PBXFileReference; lastKnownFileType = image.jpeg; path = 4.jpg; sourceTree = "<group>"; };
		D7B04571270344A50037D299 /* 7.jpg */ = {isa = PBXFileReference; lastKnownFileType = image.jpeg; path = 7.jpg; sourceTree = "<group>"; };
		D7B04572270344A50037D299 /* 10.jpg */ = {isa = PBXFileReference; lastKnownFileType = image.jpeg; path = 10.jpg; sourceTree = "<group>"; };
		D7B04573270344A50037D299 /* 3.jpg */ = {isa = PBXFileReference; lastKnownFileType = image.jpeg; path = 3.jpg; sourceTree = "<group>"; };
		D7B04574270344A50037D299 /* 5.jpg */ = {isa = PBXFileReference; lastKnownFileType = image.jpeg; path = 5.jpg; sourceTree = "<group>"; };
		D7B04575270344A50037D299 /* 2.jpg */ = {isa = PBXFileReference; lastKnownFileType = image.jpeg; path = 2.jpg; sourceTree = "<group>"; };
		D7B04576270344A50037D299 /* 8.jpg */ = {isa = PBXFileReference; lastKnownFileType = image.jpeg; path = 8.jpg; sourceTree = "<group>"; };
		D7B04577270344A50037D299 /* 9.jpg */ = {isa = PBXFileReference; lastKnownFileType = image.jpeg; path = 9.jpg; sourceTree = "<group>"; };
		D7B04578270344A50037D299 /* 1.jpg */ = {isa = PBXFileReference; lastKnownFileType = image.jpeg; path = 1.jpg; sourceTree = "<group>"; };
		D7B04579270344A50037D299 /* 6.jpg */ = {isa = PBXFileReference; lastKnownFileType = image.jpeg; path = 6.jpg; sourceTree = "<group>"; };
/* End PBXFileReference section */

/* Begin PBXFrameworksBuildPhase section */
		D7B04555270343BA0037D299 /* Frameworks */ = {
			isa = PBXFrameworksBuildPhase;
			buildActionMask = 2147483647;
			files = (
			);
			runOnlyForDeploymentPostprocessing = 0;
		};
/* End PBXFrameworksBuildPhase section */

/* Begin PBXGroup section */
		D7B0454F270343BA0037D299 = {
			isa = PBXGroup;
			children = (
				D7B0455A270343BA0037D299 /* PickerView */,
				D7B04559270343BA0037D299 /* Products */,
			);
			sourceTree = "<group>";
		};
		D7B04559270343BA0037D299 /* Products */ = {
			isa = PBXGroup;
			children = (
				D7B04558270343BA0037D299 /* PickerView.app */,
			);
			name = Products;
			sourceTree = "<group>";
		};
		D7B0455A270343BA0037D299 /* PickerView */ = {
			isa = PBXGroup;
			children = (
				D7B0456F2703441C0037D299 /* images */,
				D7B0455B270343BA0037D299 /* AppDelegate.swift */,
				D7B0455D270343BA0037D299 /* SceneDelegate.swift */,
				D7B0455F270343BA0037D299 /* ViewController.swift */,
				D7B04561270343BA0037D299 /* Main.storyboard */,
				D7B04564270343BC0037D299 /* Assets.xcassets */,
				D7B04566270343BC0037D299 /* LaunchScreen.storyboard */,
				D7B04569270343BC0037D299 /* Info.plist */,
			);
			path = PickerView;
			sourceTree = "<group>";
		};
		D7B0456F2703441C0037D299 /* images */ = {
			isa = PBXGroup;
			children = (
				D7B04578270344A50037D299 /* 1.jpg */,
				D7B04575270344A50037D299 /* 2.jpg */,
				D7B04573270344A50037D299 /* 3.jpg */,
				D7B04570270344A50037D299 /* 4.jpg */,
				D7B04574270344A50037D299 /* 5.jpg */,
				D7B04579270344A50037D299 /* 6.jpg */,
				D7B04571270344A50037D299 /* 7.jpg */,
				D7B04576270344A50037D299 /* 8.jpg */,
				D7B04577270344A50037D299 /* 9.jpg */,
				D7B04572270344A50037D299 /* 10.jpg */,
			);
			path = images;
			sourceTree = "<group>";
		};
/* End PBXGroup section */

/* Begin PBXNativeTarget section */
		D7B04557270343BA0037D299 /* PickerView */ = {
			isa = PBXNativeTarget;
			buildConfigurationList = D7B0456C270343BC0037D299 /* Build configuration list for PBXNativeTarget "PickerView" */;
			buildPhases = (
				D7B04554270343BA0037D299 /* Sources */,
				D7B04555270343BA0037D299 /* Frameworks */,
				D7B04556270343BA0037D299 /* Resources */,
			);
			buildRules = (
			);
			dependencies = (
			);
			name = PickerView;
			productName = PickerView;
			productReference = D7B04558270343BA0037D299 /* PickerView.app */;
			productType = "com.apple.product-type.application";
		};
/* End PBXNativeTarget section */

/* Begin PBXProject section */
		D7B04550270343BA0037D299 /* Project object */ = {
			isa = PBXProject;
			attributes = {
				BuildIndependentTargetsInParallel = 1;
				LastSwiftUpdateCheck = 1300;
				LastUpgradeCheck = 1300;
				TargetAttributes = {
					D7B04557270343BA0037D299 = {
						CreatedOnToolsVersion = 13.0;
					};
				};
			};
			buildConfigurationList = D7B04553270343BA0037D299 /* Build configuration list for PBXProject "PickerView" */;
			compatibilityVersion = "Xcode 13.0";
			developmentRegion = en;
			hasScannedForEncodings = 0;
			knownRegions = (
				en,
				Base,
			);
			mainGroup = D7B0454F270343BA0037D299;
			productRefGroup = D7B04559270343BA0037D299 /* Products */;
			projectDirPath = "";
			projectRoot = "";
			targets = (
				D7B04557270343BA0037D299 /* PickerView */,
			);
		};
/* End PBXProject section */

/* Begin PBXResourcesBuildPhase section */
		D7B04556270343BA0037D299 /* Resources */ = {
			isa = PBXResourcesBuildPhase;
			buildActionMask = 2147483647;
			files = (
				D7B04581270344A50037D299 /* 9.jpg in Resources */,
				D7B04580270344A50037D299 /* 8.jpg in Resources */,
				D7B04583270344A50037D299 /* 6.jpg in Resources */,
				D7B0457A270344A50037D299 /* 4.jpg in Resources */,
				D7B0457E270344A50037D299 /* 5.jpg in Resources */,
				D7B04568270343BC0037D299 /* LaunchScreen.storyboard in Resources */,
				D7B0457F270344A50037D299 /* 2.jpg in Resources */,
				D7B0457B270344A50037D299 /* 7.jpg in Resources */,
				D7B04565270343BC0037D299 /* Assets.xcassets in Resources */,
				D7B0457C270344A50037D299 /* 10.jpg in Resources */,
				D7B04582270344A50037D299 /* 1.jpg in Resources */,
				D7B0457D270344A50037D299 /* 3.jpg in Resources */,
				D7B04563270343BA0037D299 /* Main.storyboard in Resources */,
			);
			runOnlyForDeploymentPostprocessing = 0;
		};
/* End PBXResourcesBuildPhase section */

/* Begin PBXSourcesBuildPhase section */
		D7B04554270343BA0037D299 /* Sources */ = {
			isa = PBXSourcesBuildPhase;
			buildActionMask = 2147483647;
			files = (
				D7B04560270343BA0037D299 /* ViewController.swift in Sources */,
				D7B0455C270343BA0037D299 /* AppDelegate.swift in Sources */,
				D7B0455E270343BA0037D299 /* SceneDelegate.swift in Sources */,
			);
			runOnlyForDeploymentPostprocessing = 0;
		};
/* End PBXSourcesBuildPhase section */

/* Begin PBXVariantGroup section */
		D7B04561270343BA0037D299 /* Main.storyboard */ = {
			isa = PBXVariantGroup;
			children = (
				D7B04562270343BA0037D299 /* Base */,
			);
			name = Main.storyboard;
			sourceTree = "<group>";
		};
		D7B04566270343BC0037D299 /* LaunchScreen.storyboard */ = {
			isa = PBXVariantGroup;
			children = (
				D7B04567270343BC0037D299 /* Base */,
			);
			name = LaunchScreen.storyboard;
			sourceTree = "<group>";
		};
/* End PBXVariantGroup section */

/* Begin XCBuildConfiguration section */
		D7B0456A270343BC0037D299 /* Debug */ = {
			isa = XCBuildConfiguration;
			buildSettings = {
				ALWAYS_SEARCH_USER_PATHS = NO;
				CLANG_ANALYZER_NONNULL = YES;
				CLANG_ANALYZER_NUMBER_OBJECT_CONVERSION = YES_AGGRESSIVE;
				CLANG_CXX_LANGUAGE_STANDARD = "gnu++17";
				CLANG_CXX_LIBRARY = "libc++";
				CLANG_ENABLE_MODULES = YES;
				CLANG_ENABLE_OBJC_ARC = YES;
				CLANG_ENABLE_OBJC_WEAK = YES;
				CLANG_WARN_BLOCK_CAPTURE_AUTORELEASING = YES;
				CLANG_WARN_BOOL_CONVERSION = YES;
				CLANG_WARN_COMMA = YES;
				CLANG_WARN_CONSTANT_CONVERSION = YES;
				CLANG_WARN_DEPRECATED_OBJC_IMPLEMENTATIONS = YES;
				CLANG_WARN_DIRECT_OBJC_ISA_USAGE = YES_ERROR;
				CLANG_WARN_DOCUMENTATION_COMMENTS = YES;
				CLANG_WARN_EMPTY_BODY = YES;
				CLANG_WARN_ENUM_CONVERSION = YES;
				CLANG_WARN_INFINITE_RECURSION = YES;
				CLANG_WARN_INT_CONVERSION = YES;
				CLANG_WARN_NON_LITERAL_NULL_CONVERSION = YES;
				CLANG_WARN_OBJC_IMPLICIT_RETAIN_SELF = YES;
				CLANG_WARN_OBJC_LITERAL_CONVERSION = YES;
				CLANG_WARN_OBJC_ROOT_CLASS = YES_ERROR;
				CLANG_WARN_QUOTED_INCLUDE_IN_FRAMEWORK_HEADER = YES;
				CLANG_WARN_RANGE_LOOP_ANALYSIS = YES;
				CLANG_WARN_STRICT_PROTOTYPES = YES;
				CLANG_WARN_SUSPICIOUS_MOVE = YES;
				CLANG_WARN_UNGUARDED_AVAILABILITY = YES_AGGRESSIVE;
				CLANG_WARN_UNREACHABLE_CODE = YES;
				CLANG_WARN__DUPLICATE_METHOD_MATCH = YES;
				COPY_PHASE_STRIP = NO;
				DEBUG_INFORMATION_FORMAT = dwarf;
				ENABLE_STRICT_OBJC_MSGSEND = YES;
				ENABLE_TESTABILITY = YES;
				GCC_C_LANGUAGE_STANDARD = gnu11;
				GCC_DYNAMIC_NO_PIC = NO;
				GCC_NO_COMMON_BLOCKS = YES;
				GCC_OPTIMIZATION_LEVEL = 0;
				GCC_PREPROCESSOR_DEFINITIONS = (
					"DEBUG=1",
					"$(inherited)",
				);
				GCC_WARN_64_TO_32_BIT_CONVERSION = YES;
				GCC_WARN_ABOUT_RETURN_TYPE = YES_ERROR;
				GCC_WARN_UNDECLARED_SELECTOR = YES;
				GCC_WARN_UNINITIALIZED_AUTOS = YES_AGGRESSIVE;
				GCC_WARN_UNUSED_FUNCTION = YES;
				GCC_WARN_UNUSED_VARIABLE = YES;
				IPHONEOS_DEPLOYMENT_TARGET = 15.0;
				MTL_ENABLE_DEBUG_INFO = INCLUDE_SOURCE;
				MTL_FAST_MATH = YES;
				ONLY_ACTIVE_ARCH = YES;
				SDKROOT = iphoneos;
				SWIFT_ACTIVE_COMPILATION_CONDITIONS = DEBUG;
				SWIFT_OPTIMIZATION_LEVEL = "-Onone";
			};
			name = Debug;
		};
		D7B0456B270343BC0037D299 /* Release */ = {
			isa = XCBuildConfiguration;
			buildSettings = {
				ALWAYS_SEARCH_USER_PATHS = NO;
				CLANG_ANALYZER_NONNULL = YES;
				CLANG_ANALYZER_NUMBER_OBJECT_CONVERSION = YES_AGGRESSIVE;
				CLANG_CXX_LANGUAGE_STANDARD = "gnu++17";
				CLANG_CXX_LIBRARY = "libc++";
				CLANG_ENABLE_MODULES = YES;
				CLANG_ENABLE_OBJC_ARC = YES;
				CLANG_ENABLE_OBJC_WEAK = YES;
				CLANG_WARN_BLOCK_CAPTURE_AUTORELEASING = YES;
				CLANG_WARN_BOOL_CONVERSION = YES;
				CLANG_WARN_COMMA = YES;
				CLANG_WARN_CONSTANT_CONVERSION = YES;
				CLANG_WARN_DEPRECATED_OBJC_IMPLEMENTATIONS = YES;
				CLANG_WARN_DIRECT_OBJC_ISA_USAGE = YES_ERROR;
				CLANG_WARN_DOCUMENTATION_COMMENTS = YES;
				CLANG_WARN_EMPTY_BODY = YES;
				CLANG_WARN_ENUM_CONVERSION = YES;
				CLANG_WARN_INFINITE_RECURSION = YES;
				CLANG_WARN_INT_CONVERSION = YES;
				CLANG_WARN_NON_LITERAL_NULL_CONVERSION = YES;
				CLANG_WARN_OBJC_IMPLICIT_RETAIN_SELF = YES;
				CLANG_WARN_OBJC_LITERAL_CONVERSION = YES;
				CLANG_WARN_OBJC_ROOT_CLASS = YES_ERROR;
				CLANG_WARN_QUOTED_INCLUDE_IN_FRAMEWORK_HEADER = YES;
				CLANG_WARN_RANGE_LOOP_ANALYSIS = YES;
				CLANG_WARN_STRICT_PROTOTYPES = YES;
				CLANG_WARN_SUSPICIOUS_MOVE = YES;
				CLANG_WARN_UNGUARDED_AVAILABILITY = YES_AGGRESSIVE;
				CLANG_WARN_UNREACHABLE_CODE = YES;
				CLANG_WARN__DUPLICATE_METHOD_MATCH = YES;
				COPY_PHASE_STRIP = NO;
				DEBUG_INFORMATION_FORMAT = "dwarf-with-dsym";
				ENABLE_NS_ASSERTIONS = NO;
				ENABLE_STRICT_OBJC_MSGSEND = YES;
				GCC_C_LANGUAGE_STANDARD = gnu11;
				GCC_NO_COMMON_BLOCKS = YES;
				GCC_WARN_64_TO_32_BIT_CONVERSION = YES;
				GCC_WARN_ABOUT_RETURN_TYPE = YES_ERROR;
				GCC_WARN_UNDECLARED_SELECTOR = YES;
				GCC_WARN_UNINITIALIZED_AUTOS = YES_AGGRESSIVE;
				GCC_WARN_UNUSED_FUNCTION = YES;
				GCC_WARN_UNUSED_VARIABLE = YES;
				IPHONEOS_DEPLOYMENT_TARGET = 15.0;
				MTL_ENABLE_DEBUG_INFO = NO;
				MTL_FAST_MATH = YES;
				SDKROOT = iphoneos;
				SWIFT_COMPILATION_MODE = wholemodule;
				SWIFT_OPTIMIZATION_LEVEL = "-O";
				VALIDATE_PRODUCT = YES;
			};
			name = Release;
		};
		D7B0456D270343BC0037D299 /* Debug */ = {
			isa = XCBuildConfiguration;
			buildSettings = {
				ASSETCATALOG_COMPILER_APPICON_NAME = AppIcon;
				ASSETCATALOG_COMPILER_GLOBAL_ACCENT_COLOR_NAME = AccentColor;
				CODE_SIGN_STYLE = Automatic;
				CURRENT_PROJECT_VERSION = 1;
				DEVELOPMENT_TEAM = HLVKSLK8TN;
				GENERATE_INFOPLIST_FILE = YES;
				INFOPLIST_FILE = PickerView/Info.plist;
				INFOPLIST_KEY_UIApplicationSupportsIndirectInputEvents = YES;
				INFOPLIST_KEY_UILaunchStoryboardName = LaunchScreen;
				INFOPLIST_KEY_UIMainStoryboardFile = Main;
				INFOPLIST_KEY_UISupportedInterfaceOrientations = UIInterfaceOrientationPortrait;
				INFOPLIST_KEY_UISupportedInterfaceOrientations_iPad = "UIInterfaceOrientationPortrait UIInterfaceOrientationPortraitUpsideDown UIInterfaceOrientationLandscapeLeft UIInterfaceOrientationLandscapeRight";
				INFOPLIST_KEY_UISupportedInterfaceOrientations_iPhone = "UIInterfaceOrientationPortrait UIInterfaceOrientationLandscapeLeft UIInterfaceOrientationLandscapeRight";
				LD_RUNPATH_SEARCH_PATHS = (
					"$(inherited)",
					"@executable_path/Frameworks",
				);
				MARKETING_VERSION = 1.0;
				PRODUCT_BUNDLE_IDENTIFIER = com.jsng.ch05.PickerView;
				PRODUCT_NAME = "$(TARGET_NAME)";
				SWIFT_EMIT_LOC_STRINGS = YES;
				SWIFT_VERSION = 5.0;
				TARGETED_DEVICE_FAMILY = 1;
			};
			name = Debug;
		};
		D7B0456E270343BC0037D299 /* Release */ = {
			isa = XCBuildConfiguration;
			buildSettings = {
				ASSETCATALOG_COMPILER_APPICON_NAME = AppIcon;
				ASSETCATALOG_COMPILER_GLOBAL_ACCENT_COLOR_NAME = AccentColor;
				CODE_SIGN_STYLE = Automatic;
				CURRENT_PROJECT_VERSION = 1;
				DEVELOPMENT_TEAM = HLVKSLK8TN;
				GENERATE_INFOPLIST_FILE = YES;
				INFOPLIST_FILE = PickerView/Info.plist;
				INFOPLIST_KEY_UIApplicationSupportsIndirectInputEvents = YES;
				INFOPLIST_KEY_UILaunchStoryboardName = LaunchScreen;
				INFOPLIST_KEY_UIMainStoryboardFile = Main;
				INFOPLIST_KEY_UISupportedInterfaceOrientations = UIInterfaceOrientationPortrait;
				INFOPLIST_KEY_UISupportedInterfaceOrientations_iPad = "UIInterfaceOrientationPortrait UIInterfaceOrientationPortraitUpsideDown UIInterfaceOrientationLandscapeLeft UIInterfaceOrientationLandscapeRight";
				INFOPLIST_KEY_UISupportedInterfaceOrientations_iPhone = "UIInterfaceOrientationPortrait UIInterfaceOrientationLandscapeLeft UIInterfaceOrientationLandscapeRight";
				LD_RUNPATH_SEARCH_PATHS = (
					"$(inherited)",
					"@executable_path/Frameworks",
				);
				MARKETING_VERSION = 1.0;
				PRODUCT_BUNDLE_IDENTIFIER = com.jsng.ch05.PickerView;
				PRODUCT_NAME = "$(TARGET_NAME)";
				SWIFT_EMIT_LOC_STRINGS = YES;
				SWIFT_VERSION = 5.0;
				TARGETED_DEVICE_FAMILY = 1;
			};
			name = Release;
		};
/* End XCBuildConfiguration section */

/* Begin XCConfigurationList section */
		D7B04553270343BA0037D299 /* Build configuration list for PBXProject "PickerView" */ = {
			isa = XCConfigurationList;
			buildConfigurations = (
				D7B0456A270343BC0037D299 /* Debug */,
				D7B0456B270343BC0037D299 /* Release */,
			);
			defaultConfigurationIsVisible = 0;
			defaultConfigurationName = Release;
		};
		D7B0456C270343BC0037D299 /* Build configuration list for PBXNativeTarget "PickerView" */ = {
			isa = XCConfigurationList;
			buildConfigurations = (
				D7B0456D270343BC0037D299 /* Debug */,
				D7B0456E270343BC0037D299 /* Release */,
			);
			defaultConfigurationIsVisible = 0;
			defaultConfigurationName = Release;
		};
/* End XCConfigurationList section */
	};
	rootObject = D7B04550270343BA0037D299 /* Project object */;
}
